// !$*UTF8*$!
{
	archiveVersion = 1;
	classes = {
	};
	objectVersion = 56;
	objects = {

/* Begin PBXBuildFile section */
		C38DC52C2B6C389E00EDD69D /* Project_TemplateApp.swift in Sources */ = {isa = PBXBuildFile; fileRef = C38DC52B2B6C389E00EDD69D /* Project_TemplateApp.swift */; };
		C38DC52E2B6C389E00EDD69D /* ContentView.swift in Sources */ = {isa = PBXBuildFile; fileRef = C38DC52D2B6C389E00EDD69D /* ContentView.swift */; };
		C38DC5302B6C389F00EDD69D /* Assets.xcassets in Resources */ = {isa = PBXBuildFile; fileRef = C38DC52F2B6C389F00EDD69D /* Assets.xcassets */; };
		C38DC5332B6C389F00EDD69D /* Preview Assets.xcassets in Resources */ = {isa = PBXBuildFile; fileRef = C38DC5322B6C389F00EDD69D /* Preview Assets.xcassets */; };
		C38DC5352B6C389F00EDD69D /* Persistence.swift in Sources */ = {isa = PBXBuildFile; fileRef = C38DC5342B6C389F00EDD69D /* Persistence.swift */; };
		C38DC5382B6C389F00EDD69D /* Project_Template.xcdatamodeld in Sources */ = {isa = PBXBuildFile; fileRef = C38DC5362B6C389F00EDD69D /* Project_Template.xcdatamodeld */; };
/* End PBXBuildFile section */

/* Begin PBXFileReference section */
		C38DC5282B6C389E00EDD69D /* Project_Template.app */ = {isa = PBXFileReference; explicitFileType = wrapper.application; includeInIndex = 0; path = Project_Template.app; sourceTree = BUILT_PRODUCTS_DIR; };
		C38DC52B2B6C389E00EDD69D /* Project_TemplateApp.swift */ = {isa = PBXFileReference; lastKnownFileType = sourcecode.swift; path = Project_TemplateApp.swift; sourceTree = "<group>"; };
		C38DC52D2B6C389E00EDD69D /* ContentView.swift */ = {isa = PBXFileReference; lastKnownFileType = sourcecode.swift; path = ContentView.swift; sourceTree = "<group>"; };
		C38DC52F2B6C389F00EDD69D /* Assets.xcassets */ = {isa = PBXFileReference; lastKnownFileType = folder.assetcatalog; path = Assets.xcassets; sourceTree = "<group>"; };
		C38DC5322B6C389F00EDD69D /* Preview Assets.xcassets */ = {isa = PBXFileReference; lastKnownFileType = folder.assetcatalog; path = "Preview Assets.xcassets"; sourceTree = "<group>"; };
		C38DC5342B6C389F00EDD69D /* Persistence.swift */ = {isa = PBXFileReference; lastKnownFileType = sourcecode.swift; path = Persistence.swift; sourceTree = "<group>"; };
		C38DC5372B6C389F00EDD69D /* Project_Template.xcdatamodel */ = {isa = PBXFileReference; lastKnownFileType = wrapper.xcdatamodel; path = Project_Template.xcdatamodel; sourceTree = "<group>"; };
		C38DC5432B6C39A400EDD69D /* Project-Template-Info.plist */ = {isa = PBXFileReference; lastKnownFileType = text.plist; path = "Project-Template-Info.plist"; sourceTree = SOURCE_ROOT; };
/* End PBXFileReference section */

/* Begin PBXFrameworksBuildPhase section */
		C38DC5252B6C389E00EDD69D /* Frameworks */ = {
			isa = PBXFrameworksBuildPhase;
			buildActionMask = 2147483647;
			files = (
			);
			runOnlyForDeploymentPostprocessing = 0;
		};
/* End PBXFrameworksBuildPhase section */

/* Begin PBXGroup section */
		C38DC51F2B6C389E00EDD69D = {
			isa = PBXGroup;
			children = (
				C38DC52A2B6C389E00EDD69D /* Project_Template */,
				C38DC5292B6C389E00EDD69D /* Products */,
			);
			sourceTree = "<group>";
		};
		C38DC5292B6C389E00EDD69D /* Products */ = {
			isa = PBXGroup;
			children = (
				C38DC5282B6C389E00EDD69D /* Project_Template.app */,
			);
			name = Products;
			sourceTree = "<group>";
		};
		C38DC52A2B6C389E00EDD69D /* Project_Template */ = {
			isa = PBXGroup;
			children = (
				C38DC5432B6C39A400EDD69D /* Project-Template-Info.plist */,
				C38DC5422B6C398300EDD69D /* Controllers */,
				C38DC5412B6C397A00EDD69D /* Models */,
				C38DC5402B6C397500EDD69D /* View */,
				C38DC53F2B6C397000EDD69D /* App */,
				C38DC53E2B6C396800EDD69D /* CoreData */,
				C38DC5312B6C389F00EDD69D /* Preview Content */,
			);
			path = Project_Template;
			sourceTree = "<group>";
		};
		C38DC5312B6C389F00EDD69D /* Preview Content */ = {
			isa = PBXGroup;
			children = (
				C38DC5322B6C389F00EDD69D /* Preview Assets.xcassets */,
			);
			path = "Preview Content";
			sourceTree = "<group>";
		};
		C38DC53E2B6C396800EDD69D /* CoreData */ = {
			isa = PBXGroup;
			children = (
				C38DC5342B6C389F00EDD69D /* Persistence.swift */,
				C38DC5362B6C389F00EDD69D /* Project_Template.xcdatamodeld */,
			);
			path = CoreData;
			sourceTree = "<group>";
		};
		C38DC53F2B6C397000EDD69D /* App */ = {
			isa = PBXGroup;
			children = (
				C38DC52B2B6C389E00EDD69D /* Project_TemplateApp.swift */,
				C38DC52F2B6C389F00EDD69D /* Assets.xcassets */,
			);
			path = App;
			sourceTree = "<group>";
		};
		C38DC5402B6C397500EDD69D /* View */ = {
			isa = PBXGroup;
			children = (
				C38DC52D2B6C389E00EDD69D /* ContentView.swift */,
			);
			path = View;
			sourceTree = "<group>";
		};
		C38DC5412B6C397A00EDD69D /* Models */ = {
			isa = PBXGroup;
			children = (
			);
			path = Models;
			sourceTree = "<group>";
		};
		C38DC5422B6C398300EDD69D /* Controllers */ = {
			isa = PBXGroup;
			children = (
			);
			path = Controllers;
			sourceTree = "<group>";
		};
/* End PBXGroup section */

/* Begin PBXNativeTarget section */
		C38DC5272B6C389E00EDD69D /* Project_Template */ = {
			isa = PBXNativeTarget;
			buildConfigurationList = C38DC53B2B6C389F00EDD69D /* Build configuration list for PBXNativeTarget "Project_Template" */;
			buildPhases = (
				C38DC5242B6C389E00EDD69D /* Sources */,
				C38DC5252B6C389E00EDD69D /* Frameworks */,
				C38DC5262B6C389E00EDD69D /* Resources */,
			);
			buildRules = (
			);
			dependencies = (
			);
			name = Project_Template;
			productName = Project_Template;
			productReference = C38DC5282B6C389E00EDD69D /* Project_Template.app */;
			productType = "com.apple.product-type.application";
		};
/* End PBXNativeTarget section */

/* Begin PBXProject section */
		C38DC5202B6C389E00EDD69D /* Project object */ = {
			isa = PBXProject;
			attributes = {
				BuildIndependentTargetsInParallel = 1;
				LastSwiftUpdateCheck = 1500;
				LastUpgradeCheck = 1500;
				TargetAttributes = {
					C38DC5272B6C389E00EDD69D = {
						CreatedOnToolsVersion = 15.0.1;
					};
				};
			};
			buildConfigurationList = C38DC5232B6C389E00EDD69D /* Build configuration list for PBXProject "Project_Template" */;
			compatibilityVersion = "Xcode 14.0";
			developmentRegion = en;
			hasScannedForEncodings = 0;
			knownRegions = (
				en,
				Base,
			);
			mainGroup = C38DC51F2B6C389E00EDD69D;
			productRefGroup = C38DC5292B6C389E00EDD69D /* Products */;
			projectDirPath = "";
			projectRoot = "";
			targets = (
				C38DC5272B6C389E00EDD69D /* Project_Template */,
			);
		};
/* End PBXProject section */

/* Begin PBXResourcesBuildPhase section */
		C38DC5262B6C389E00EDD69D /* Resources */ = {
			isa = PBXResourcesBuildPhase;
			buildActionMask = 2147483647;
			files = (
				C38DC5332B6C389F00EDD69D /* Preview Assets.xcassets in Resources */,
				C38DC5302B6C389F00EDD69D /* Assets.xcassets in Resources */,
			);
			runOnlyForDeploymentPostprocessing = 0;
		};
/* End PBXResourcesBuildPhase section */

/* Begin PBXSourcesBuildPhase section */
		C38DC5242B6C389E00EDD69D /* Sources */ = {
			isa = PBXSourcesBuildPhase;
			buildActionMask = 2147483647;
			files = (
				C38DC5352B6C389F00EDD69D /* Persistence.swift in Sources */,
				C38DC52E2B6C389E00EDD69D /* ContentView.swift in Sources */,
				C38DC52C2B6C389E00EDD69D /* Project_TemplateApp.swift in Sources */,
				C38DC5382B6C389F00EDD69D /* Project_Template.xcdatamodeld in Sources */,
			);
			runOnlyForDeploymentPostprocessing = 0;
		};
/* End PBXSourcesBuildPhase section */

/* Begin XCBuildConfiguration section */
		C38DC5392B6C389F00EDD69D /* Debug */ = {
			isa = XCBuildConfiguration;
			buildSettings = {
				ALWAYS_SEARCH_USER_PATHS = NO;
				ASSETCATALOG_COMPILER_GENERATE_SWIFT_ASSET_SYMBOL_EXTENSIONS = YES;
				CLANG_ANALYZER_NONNULL = YES;
				CLANG_ANALYZER_NUMBER_OBJECT_CONVERSION = YES_AGGRESSIVE;
				CLANG_CXX_LANGUAGE_STANDARD = "gnu++20";
				CLANG_ENABLE_MODULES = YES;
				CLANG_ENABLE_OBJC_ARC = YES;
				CLANG_ENABLE_OBJC_WEAK = YES;
				CLANG_WARN_BLOCK_CAPTURE_AUTORELEASING = YES;
				CLANG_WARN_BOOL_CONVERSION = YES;
				CLANG_WARN_COMMA = YES;
				CLANG_WARN_CONSTANT_CONVERSION = YES;
				CLANG_WARN_DEPRECATED_OBJC_IMPLEMENTATIONS = YES;
				CLANG_WARN_DIRECT_OBJC_ISA_USAGE = YES_ERROR;
				CLANG_WARN_DOCUMENTATION_COMMENTS = YES;
				CLANG_WARN_EMPTY_BODY = YES;
				CLANG_WARN_ENUM_CONVERSION = YES;
				CLANG_WARN_INFINITE_RECURSION = YES;
				CLANG_WARN_INT_CONVERSION = YES;
				CLANG_WARN_NON_LITERAL_NULL_CONVERSION = YES;
				CLANG_WARN_OBJC_IMPLICIT_RETAIN_SELF = YES;
				CLANG_WARN_OBJC_LITERAL_CONVERSION = YES;
				CLANG_WARN_OBJC_ROOT_CLASS = YES_ERROR;
				CLANG_WARN_QUOTED_INCLUDE_IN_FRAMEWORK_HEADER = YES;
				CLANG_WARN_RANGE_LOOP_ANALYSIS = YES;
				CLANG_WARN_STRICT_PROTOTYPES = YES;
				CLANG_WARN_SUSPICIOUS_MOVE = YES;
				CLANG_WARN_UNGUARDED_AVAILABILITY = YES_AGGRESSIVE;
				CLANG_WARN_UNREACHABLE_CODE = YES;
				CLANG_WARN__DUPLICATE_METHOD_MATCH = YES;
				COPY_PHASE_STRIP = NO;
				DEBUG_INFORMATION_FORMAT = dwarf;
				ENABLE_STRICT_OBJC_MSGSEND = YES;
				ENABLE_TESTABILITY = YES;
				ENABLE_USER_SCRIPT_SANDBOXING = YES;
				GCC_C_LANGUAGE_STANDARD = gnu17;
				GCC_DYNAMIC_NO_PIC = NO;
				GCC_NO_COMMON_BLOCKS = YES;
				GCC_OPTIMIZATION_LEVEL = 0;
				GCC_PREPROCESSOR_DEFINITIONS = (
					"DEBUG=1",
					"$(inherited)",
				);
				GCC_WARN_64_TO_32_BIT_CONVERSION = YES;
				GCC_WARN_ABOUT_RETURN_TYPE = YES_ERROR;
				GCC_WARN_UNDECLARED_SELECTOR = YES;
				GCC_WARN_UNINITIALIZED_AUTOS = YES_AGGRESSIVE;
				GCC_WARN_UNUSED_FUNCTION = YES;
				GCC_WARN_UNUSED_VARIABLE = YES;
				IPHONEOS_DEPLOYMENT_TARGET = 17.0;
				LOCALIZATION_PREFERS_STRING_CATALOGS = YES;
				MTL_ENABLE_DEBUG_INFO = INCLUDE_SOURCE;
				MTL_FAST_MATH = YES;
				ONLY_ACTIVE_ARCH = YES;
				SDKROOT = iphoneos;
				SWIFT_ACTIVE_COMPILATION_CONDITIONS = "DEBUG $(inherited)";
				SWIFT_OPTIMIZATION_LEVEL = "-Onone";
			};
			name = Debug;
		};
		C38DC53A2B6C389F00EDD69D /* Release */ = {
			isa = XCBuildConfiguration;
			buildSettings = {
				ALWAYS_SEARCH_USER_PATHS = NO;
				ASSETCATALOG_COMPILER_GENERATE_SWIFT_ASSET_SYMBOL_EXTENSIONS = YES;
				CLANG_ANALYZER_NONNULL = YES;
				CLANG_ANALYZER_NUMBER_OBJECT_CONVERSION = YES_AGGRESSIVE;
				CLANG_CXX_LANGUAGE_STANDARD = "gnu++20";
				CLANG_ENABLE_MODULES = YES;
				CLANG_ENABLE_OBJC_ARC = YES;
				CLANG_ENABLE_OBJC_WEAK = YES;
				CLANG_WARN_BLOCK_CAPTURE_AUTORELEASING = YES;
				CLANG_WARN_BOOL_CONVERSION = YES;
				CLANG_WARN_COMMA = YES;
				CLANG_WARN_CONSTANT_CONVERSION = YES;
				CLANG_WARN_DEPRECATED_OBJC_IMPLEMENTATIONS = YES;
				CLANG_WARN_DIRECT_OBJC_ISA_USAGE = YES_ERROR;
				CLANG_WARN_DOCUMENTATION_COMMENTS = YES;
				CLANG_WARN_EMPTY_BODY = YES;
				CLANG_WARN_ENUM_CONVERSION = YES;
				CLANG_WARN_INFINITE_RECURSION = YES;
				CLANG_WARN_INT_CONVERSION = YES;
				CLANG_WARN_NON_LITERAL_NULL_CONVERSION = YES;
				CLANG_WARN_OBJC_IMPLICIT_RETAIN_SELF = YES;
				CLANG_WARN_OBJC_LITERAL_CONVERSION = YES;
				CLANG_WARN_OBJC_ROOT_CLASS = YES_ERROR;
				CLANG_WARN_QUOTED_INCLUDE_IN_FRAMEWORK_HEADER = YES;
				CLANG_WARN_RANGE_LOOP_ANALYSIS = YES;
				CLANG_WARN_STRICT_PROTOTYPES = YES;
				CLANG_WARN_SUSPICIOUS_MOVE = YES;
				CLANG_WARN_UNGUARDED_AVAILABILITY = YES_AGGRESSIVE;
				CLANG_WARN_UNREACHABLE_CODE = YES;
				CLANG_WARN__DUPLICATE_METHOD_MATCH = YES;
				COPY_PHASE_STRIP = NO;
				DEBUG_INFORMATION_FORMAT = "dwarf-with-dsym";
				ENABLE_NS_ASSERTIONS = NO;
				ENABLE_STRICT_OBJC_MSGSEND = YES;
				ENABLE_USER_SCRIPT_SANDBOXING = YES;
				GCC_C_LANGUAGE_STANDARD = gnu17;
				GCC_NO_COMMON_BLOCKS = YES;
				GCC_WARN_64_TO_32_BIT_CONVERSION = YES;
				GCC_WARN_ABOUT_RETURN_TYPE = YES_ERROR;
				GCC_WARN_UNDECLARED_SELECTOR = YES;
				GCC_WARN_UNINITIALIZED_AUTOS = YES_AGGRESSIVE;
				GCC_WARN_UNUSED_FUNCTION = YES;
				GCC_WARN_UNUSED_VARIABLE = YES;
				IPHONEOS_DEPLOYMENT_TARGET = 17.0;
				LOCALIZATION_PREFERS_STRING_CATALOGS = YES;
				MTL_ENABLE_DEBUG_INFO = NO;
				MTL_FAST_MATH = YES;
				SDKROOT = iphoneos;
				SWIFT_COMPILATION_MODE = wholemodule;
				VALIDATE_PRODUCT = YES;
			};
			name = Release;
		};
		C38DC53C2B6C389F00EDD69D /* Debug */ = {
			isa = XCBuildConfiguration;
			buildSettings = {
				ASSETCATALOG_COMPILER_APPICON_NAME = AppIcon;
				ASSETCATALOG_COMPILER_GLOBAL_ACCENT_COLOR_NAME = AccentColor;
				CODE_SIGN_STYLE = Automatic;
				CURRENT_PROJECT_VERSION = 1;
				DEVELOPMENT_ASSET_PATHS = "\"Project_Template/Preview Content\"";
				DEVELOPMENT_TEAM = 5YZ2DZZ6ZL;
				ENABLE_PREVIEWS = YES;
				GENERATE_INFOPLIST_FILE = YES;
				INFOPLIST_FILE = "Project-Template-Info.plist";
				INFOPLIST_KEY_UIApplicationSceneManifest_Generation = YES;
				INFOPLIST_KEY_UIApplicationSupportsIndirectInputEvents = YES;
				INFOPLIST_KEY_UILaunchScreen_Generation = YES;
				INFOPLIST_KEY_UISupportedInterfaceOrientations_iPad = "UIInterfaceOrientationPortrait UIInterfaceOrientationPortraitUpsideDown UIInterfaceOrientationLandscapeLeft UIInterfaceOrientationLandscapeRight";
				INFOPLIST_KEY_UISupportedInterfaceOrientations_iPhone = "UIInterfaceOrientationPortrait UIInterfaceOrientationLandscapeLeft UIInterfaceOrientationLandscapeRight";
				LD_RUNPATH_SEARCH_PATHS = (
					"$(inherited)",
					"@executable_path/Frameworks",
				);
				MARKETING_VERSION = 1.0;
				PRODUCT_BUNDLE_IDENTIFIER = "com.EverettBrothers.Project-Template";
				PRODUCT_NAME = "$(TARGET_NAME)";
				SWIFT_EMIT_LOC_STRINGS = YES;
				SWIFT_VERSION = 5.0;
				TARGETED_DEVICE_FAMILY = "1,2";
			};
			name = Debug;
		};
		C38DC53D2B6C389F00EDD69D /* Release */ = {
			isa = XCBuildConfiguration;
			buildSettings = {
				ASSETCATALOG_COMPILER_APPICON_NAME = AppIcon;
				ASSETCATALOG_COMPILER_GLOBAL_ACCENT_COLOR_NAME = AccentColor;
				CODE_SIGN_STYLE = Automatic;
				CURRENT_PROJECT_VERSION = 1;
				DEVELOPMENT_ASSET_PATHS = "\"Project_Template/Preview Content\"";
				DEVELOPMENT_TEAM = 5YZ2DZZ6ZL;
				ENABLE_PREVIEWS = YES;
				GENERATE_INFOPLIST_FILE = YES;
				INFOPLIST_FILE = "Project-Template-Info.plist";
				INFOPLIST_KEY_UIApplicationSceneManifest_Generation = YES;
				INFOPLIST_KEY_UIApplicationSupportsIndirectInputEvents = YES;
				INFOPLIST_KEY_UILaunchScreen_Generation = YES;
				INFOPLIST_KEY_UISupportedInterfaceOrientations_iPad = "UIInterfaceOrientationPortrait UIInterfaceOrientationPortraitUpsideDown UIInterfaceOrientationLandscapeLeft UIInterfaceOrientationLandscapeRight";
				INFOPLIST_KEY_UISupportedInterfaceOrientations_iPhone = "UIInterfaceOrientationPortrait UIInterfaceOrientationLandscapeLeft UIInterfaceOrientationLandscapeRight";
				LD_RUNPATH_SEARCH_PATHS = (
					"$(inherited)",
					"@executable_path/Frameworks",
				);
				MARKETING_VERSION = 1.0;
				PRODUCT_BUNDLE_IDENTIFIER = "com.EverettBrothers.Project-Template";
				PRODUCT_NAME = "$(TARGET_NAME)";
				SWIFT_EMIT_LOC_STRINGS = YES;
				SWIFT_VERSION = 5.0;
				TARGETED_DEVICE_FAMILY = "1,2";
			};
			name = Release;
		};
/* End XCBuildConfiguration section */

/* Begin XCConfigurationList section */
		C38DC5232B6C389E00EDD69D /* Build configuration list for PBXProject "Project_Template" */ = {
			isa = XCConfigurationList;
			buildConfigurations = (
				C38DC5392B6C389F00EDD69D /* Debug */,
				C38DC53A2B6C389F00EDD69D /* Release */,
			);
			defaultConfigurationIsVisible = 0;
			defaultConfigurationName = Release;
		};
		C38DC53B2B6C389F00EDD69D /* Build configuration list for PBXNativeTarget "Project_Template" */ = {
			isa = XCConfigurationList;
			buildConfigurations = (
				C38DC53C2B6C389F00EDD69D /* Debug */,
				C38DC53D2B6C389F00EDD69D /* Release */,
			);
			defaultConfigurationIsVisible = 0;
			defaultConfigurationName = Release;
		};
/* End XCConfigurationList section */

/* Begin XCVersionGroup section */
		C38DC5362B6C389F00EDD69D /* Project_Template.xcdatamodeld */ = {
			isa = XCVersionGroup;
			children = (
				C38DC5372B6C389F00EDD69D /* Project_Template.xcdatamodel */,
			);
			currentVersion = C38DC5372B6C389F00EDD69D /* Project_Template.xcdatamodel */;
			path = Project_Template.xcdatamodeld;
			sourceTree = "<group>";
			versionGroupType = wrapper.xcdatamodel;
		};
/* End XCVersionGroup section */
	};
	rootObject = C38DC5202B6C389E00EDD69D /* Project object */;
}
